
Microsoft Visual Studio Solution File, Format Version 12.00
# Visual Studio 15
VisualStudioVersion = 15.0.28010.2003
MinimumVisualStudioVersion = 10.0.40219.1
Project("{FAE04EC0-301F-11D3-BF4B-00C04F79EFBC}") = "Exomia.Native", "Exomia.Native\Exomia.Native.csproj", "{A6C39C7A-6FC1-4334-BF38-F8CB56FD4205}"
EndProject
Project("{FAE04EC0-301F-11D3-BF4B-00C04F79EFBC}") = "Exomia.Native.UnitTest", "Exomia.Native.UnitTest\Exomia.Native.UnitTest.csproj", "{848E1723-9E45-42F7-8649-0C2FA6D2C943}"
EndProject
Global
	GlobalSection(SolutionConfigurationPlatforms) = preSolution
		Debug|Any CPU = Debug|Any CPU
		Debug|x64 = Debug|x64
		Debug|x86 = Debug|x86
		Release|Any CPU = Release|Any CPU
		Release|x64 = Release|x64
		Release|x86 = Release|x86
	EndGlobalSection
	GlobalSection(ProjectConfigurationPlatforms) = postSolution
		{A6C39C7A-6FC1-4334-BF38-F8CB56FD4205}.Debug|Any CPU.ActiveCfg = Debug|Any CPU
		{A6C39C7A-6FC1-4334-BF38-F8CB56FD4205}.Debug|Any CPU.Build.0 = Debug|Any CPU
		{A6C39C7A-6FC1-4334-BF38-F8CB56FD4205}.Debug|x64.ActiveCfg = Debug|x64
		{A6C39C7A-6FC1-4334-BF38-F8CB56FD4205}.Debug|x64.Build.0 = Debug|x64
		{A6C39C7A-6FC1-4334-BF38-F8CB56FD4205}.Debug|x86.ActiveCfg = Debug|x86
		{A6C39C7A-6FC1-4334-BF38-F8CB56FD4205}.Debug|x86.Build.0 = Debug|x86
		{A6C39C7A-6FC1-4334-BF38-F8CB56FD4205}.Release|Any CPU.ActiveCfg = Release|Any CPU
		{A6C39C7A-6FC1-4334-BF38-F8CB56FD4205}.Release|Any CPU.Build.0 = Release|Any CPU
		{A6C39C7A-6FC1-4334-BF38-F8CB56FD4205}.Release|x64.ActiveCfg = Release|x64
		{A6C39C7A-6FC1-4334-BF38-F8CB56FD4205}.Release|x64.Build.0 = Release|x64
		{A6C39C7A-6FC1-4334-BF38-F8CB56FD4205}.Release|x86.ActiveCfg = Release|x86
		{A6C39C7A-6FC1-4334-BF38-F8CB56FD4205}.Release|x86.Build.0 = Release|x86
		{848E1723-9E45-42F7-8649-0C2FA6D2C943}.Debug|Any CPU.ActiveCfg = Debug|Any CPU
		{848E1723-9E45-42F7-8649-0C2FA6D2C943}.Debug|Any CPU.Build.0 = Debug|Any CPU
		{848E1723-9E45-42F7-8649-0C2FA6D2C943}.Debug|x64.ActiveCfg = Debug|Any CPU
		{848E1723-9E45-42F7-8649-0C2FA6D2C943}.Debug|x64.Build.0 = Debug|Any CPU
		{848E1723-9E45-42F7-8649-0C2FA6D2C943}.Debug|x86.ActiveCfg = Debug|Any CPU
		{848E1723-9E45-42F7-8649-0C2FA6D2C943}.Debug|x86.Build.0 = Debug|Any CPU
		{848E1723-9E45-42F7-8649-0C2FA6D2C943}.Release|Any CPU.ActiveCfg = Release|Any CPU
		{848E1723-9E45-42F7-8649-0C2FA6D2C943}.Release|Any CPU.Build.0 = Release|Any CPU
		{848E1723-9E45-42F7-8649-0C2FA6D2C943}.Release|x64.ActiveCfg = Release|Any CPU
		{848E1723-9E45-42F7-8649-0C2FA6D2C943}.Release|x64.Build.0 = Release|Any CPU
		{848E1723-9E45-42F7-8649-0C2FA6D2C943}.Release|x86.ActiveCfg = Release|Any CPU
		{848E1723-9E45-42F7-8649-0C2FA6D2C943}.Release|x86.Build.0 = Release|Any CPU
	EndGlobalSection
	GlobalSection(SolutionProperties) = preSolution
		HideSolutionNode = FALSE
	EndGlobalSection
	GlobalSection(ExtensibilityGlobals) = postSolution
		SolutionGuid = {42D5F6D7-E308-4327-BEEF-6E3D1FCDFDA6}
	EndGlobalSection
EndGlobal
